
Microsoft Visual Studio Solution File, Format Version 12.00
# Visual Studio Version 16
VisualStudioVersion = 16.0.29230.47
MinimumVisualStudioVersion = 10.0.40219.1
Project("{FAE04EC0-301F-11D3-BF4B-00C04F79EFBC}") = "ConceptMatrix", "ConceptMatrix\ConceptMatrix.csproj", "{E226AAB7-5918-4E9F-B0EB-8D1AD9AC7BB9}"
	ProjectSection(ProjectDependencies) = postProject
		{A19E57D4-2858-4C84-A916-E4591C8AFCD7} = {A19E57D4-2858-4C84-A916-E4591C8AFCD7}
	EndProjectSection
EndProject
Project("{2150E333-8FDC-42A3-9474-1A3956D46DE8}") = "Release", "Release", "{92AFC387-0D61-4C2B-8450-436D5DF23097}"
	ProjectSection(SolutionItems) = preProject
		LICENSE.txt = LICENSE.txt
		README.txt = README.txt
		version.txt = version.txt
	EndProjectSection
EndProject
Project("{FAE04EC0-301F-11D3-BF4B-00C04F79EFBC}") = "SaintCoinach", "lib\SaintCoinach\SaintCoinach\SaintCoinach.csproj", "{8A7D65EB-3DE3-4631-B286-CC73A3126002}"
EndProject
Project("{FAE04EC0-301F-11D3-BF4B-00C04F79EFBC}") = "DotSquish", "lib\SaintCoinach\DotSquish\DotSquish.csproj", "{F9681545-4BEA-4FD3-9AB9-A67BD37AB36D}"
EndProject
Project("{FAE04EC0-301F-11D3-BF4B-00C04F79EFBC}") = "YamlDotNet", "lib\SaintCoinach\YamlDotNet\YamlDotNet.csproj", "{BF32DE1B-6276-4341-B212-F8862ADBBA7A}"
EndProject
Project("{FAE04EC0-301F-11D3-BF4B-00C04F79EFBC}") = "ConceptMatrixUpdater", "ConceptMatrixUpdater\ConceptMatrixUpdater.csproj", "{A19E57D4-2858-4C84-A916-E4591C8AFCD7}"
EndProject
Project("{2150E333-8FDC-42A3-9474-1A3956D46DE8}") = "Solution Items", "Solution Items", "{6D9E168B-AF78-4FF4-9011-68FD5E54D843}"
	ProjectSection(SolutionItems) = preProject
		appveyor.yml = appveyor.yml
	EndProjectSection
EndProject
Project("{2150E333-8FDC-42A3-9474-1A3956D46DE8}") = "CM3", "CM3", "{5C310A68-2BA6-4DA1-8A0C-43EF0C5DC442}"
EndProject
Project("{9A19103F-16F7-4668-BE54-9A1E7A4F7556}") = "Injection", "CM3\Injection\Injection.csproj", "{DFFE428F-766C-4DBC-90E4-C3522C21E60F}"
EndProject
Project("{FAE04EC0-301F-11D3-BF4B-00C04F79EFBC}") = "GUI", "CM3\GUI\GUI.csproj", "{3DDA589A-BEF9-4D9C-8A1E-5DABDCB41741}"
	ProjectSection(ProjectDependencies) = postProject
		{4A174AFE-F311-4B69-92A0-E3D6607199E1} = {4A174AFE-F311-4B69-92A0-E3D6607199E1}
	EndProjectSection
EndProject
Project("{9A19103F-16F7-4668-BE54-9A1E7A4F7556}") = "Core", "CM3\Core\Core.csproj", "{1C35C6FF-E727-4840-B842-230E002DB02F}"
EndProject
Project("{2150E333-8FDC-42A3-9474-1A3956D46DE8}") = "Modules", "Modules", "{B4D6C2F0-9779-4A66-AD34-B7AFEF302360}"
EndProject
Project("{FAE04EC0-301F-11D3-BF4B-00C04F79EFBC}") = "PoseModule", "Cm3\Modules\PoseModule\PoseModule.csproj", "{4A174AFE-F311-4B69-92A0-E3D6607199E1}"
EndProject
Global
	GlobalSection(SolutionConfigurationPlatforms) = preSolution
		Debug|Any CPU = Debug|Any CPU
		Debug|x64 = Debug|x64
		Release|Any CPU = Release|Any CPU
		Release|x64 = Release|x64
		Release-Unsigned|Any CPU = Release-Unsigned|Any CPU
		Release-Unsigned|x64 = Release-Unsigned|x64
	EndGlobalSection
	GlobalSection(ProjectConfigurationPlatforms) = postSolution
		{E226AAB7-5918-4E9F-B0EB-8D1AD9AC7BB9}.Debug|Any CPU.ActiveCfg = Debug|Any CPU
		{E226AAB7-5918-4E9F-B0EB-8D1AD9AC7BB9}.Debug|Any CPU.Build.0 = Debug|Any CPU
		{E226AAB7-5918-4E9F-B0EB-8D1AD9AC7BB9}.Debug|x64.ActiveCfg = Debug|x64
		{E226AAB7-5918-4E9F-B0EB-8D1AD9AC7BB9}.Debug|x64.Build.0 = Debug|x64
		{E226AAB7-5918-4E9F-B0EB-8D1AD9AC7BB9}.Release|Any CPU.ActiveCfg = Release|Any CPU
		{E226AAB7-5918-4E9F-B0EB-8D1AD9AC7BB9}.Release|Any CPU.Build.0 = Release|Any CPU
		{E226AAB7-5918-4E9F-B0EB-8D1AD9AC7BB9}.Release|x64.ActiveCfg = Release|Any CPU
		{E226AAB7-5918-4E9F-B0EB-8D1AD9AC7BB9}.Release|x64.Build.0 = Release|Any CPU
		{E226AAB7-5918-4E9F-B0EB-8D1AD9AC7BB9}.Release-Unsigned|Any CPU.ActiveCfg = Release|Any CPU
		{E226AAB7-5918-4E9F-B0EB-8D1AD9AC7BB9}.Release-Unsigned|Any CPU.Build.0 = Release|Any CPU
		{E226AAB7-5918-4E9F-B0EB-8D1AD9AC7BB9}.Release-Unsigned|x64.ActiveCfg = Release|x64
		{E226AAB7-5918-4E9F-B0EB-8D1AD9AC7BB9}.Release-Unsigned|x64.Build.0 = Release|x64
		{8A7D65EB-3DE3-4631-B286-CC73A3126002}.Debug|Any CPU.ActiveCfg = Debug|Any CPU
		{8A7D65EB-3DE3-4631-B286-CC73A3126002}.Debug|Any CPU.Build.0 = Debug|Any CPU
		{8A7D65EB-3DE3-4631-B286-CC73A3126002}.Debug|x64.ActiveCfg = Debug|Any CPU
		{8A7D65EB-3DE3-4631-B286-CC73A3126002}.Debug|x64.Build.0 = Debug|Any CPU
		{8A7D65EB-3DE3-4631-B286-CC73A3126002}.Release|Any CPU.ActiveCfg = Release|Any CPU
		{8A7D65EB-3DE3-4631-B286-CC73A3126002}.Release|Any CPU.Build.0 = Release|Any CPU
		{8A7D65EB-3DE3-4631-B286-CC73A3126002}.Release|x64.ActiveCfg = Release|Any CPU
		{8A7D65EB-3DE3-4631-B286-CC73A3126002}.Release|x64.Build.0 = Release|Any CPU
		{8A7D65EB-3DE3-4631-B286-CC73A3126002}.Release-Unsigned|Any CPU.ActiveCfg = Release|Any CPU
		{8A7D65EB-3DE3-4631-B286-CC73A3126002}.Release-Unsigned|Any CPU.Build.0 = Release|Any CPU
		{8A7D65EB-3DE3-4631-B286-CC73A3126002}.Release-Unsigned|x64.ActiveCfg = Release|Any CPU
		{8A7D65EB-3DE3-4631-B286-CC73A3126002}.Release-Unsigned|x64.Build.0 = Release|Any CPU
		{F9681545-4BEA-4FD3-9AB9-A67BD37AB36D}.Debug|Any CPU.ActiveCfg = Debug|Any CPU
		{F9681545-4BEA-4FD3-9AB9-A67BD37AB36D}.Debug|Any CPU.Build.0 = Debug|Any CPU
		{F9681545-4BEA-4FD3-9AB9-A67BD37AB36D}.Debug|x64.ActiveCfg = Debug|Any CPU
		{F9681545-4BEA-4FD3-9AB9-A67BD37AB36D}.Debug|x64.Build.0 = Debug|Any CPU
		{F9681545-4BEA-4FD3-9AB9-A67BD37AB36D}.Release|Any CPU.ActiveCfg = Release|Any CPU
		{F9681545-4BEA-4FD3-9AB9-A67BD37AB36D}.Release|Any CPU.Build.0 = Release|Any CPU
		{F9681545-4BEA-4FD3-9AB9-A67BD37AB36D}.Release|x64.ActiveCfg = Release|Any CPU
		{F9681545-4BEA-4FD3-9AB9-A67BD37AB36D}.Release|x64.Build.0 = Release|Any CPU
		{F9681545-4BEA-4FD3-9AB9-A67BD37AB36D}.Release-Unsigned|Any CPU.ActiveCfg = Release|Any CPU
		{F9681545-4BEA-4FD3-9AB9-A67BD37AB36D}.Release-Unsigned|Any CPU.Build.0 = Release|Any CPU
		{F9681545-4BEA-4FD3-9AB9-A67BD37AB36D}.Release-Unsigned|x64.ActiveCfg = Release|Any CPU
		{F9681545-4BEA-4FD3-9AB9-A67BD37AB36D}.Release-Unsigned|x64.Build.0 = Release|Any CPU
		{BF32DE1B-6276-4341-B212-F8862ADBBA7A}.Debug|Any CPU.ActiveCfg = Debug|Any CPU
		{BF32DE1B-6276-4341-B212-F8862ADBBA7A}.Debug|Any CPU.Build.0 = Debug|Any CPU
		{BF32DE1B-6276-4341-B212-F8862ADBBA7A}.Debug|x64.ActiveCfg = Debug|Any CPU
		{BF32DE1B-6276-4341-B212-F8862ADBBA7A}.Debug|x64.Build.0 = Debug|Any CPU
		{BF32DE1B-6276-4341-B212-F8862ADBBA7A}.Release|Any CPU.ActiveCfg = Release-Unsigned|Any CPU
		{BF32DE1B-6276-4341-B212-F8862ADBBA7A}.Release|Any CPU.Build.0 = Release-Unsigned|Any CPU
		{BF32DE1B-6276-4341-B212-F8862ADBBA7A}.Release|x64.ActiveCfg = Release-Unsigned|Any CPU
		{BF32DE1B-6276-4341-B212-F8862ADBBA7A}.Release|x64.Build.0 = Release-Unsigned|Any CPU
		{BF32DE1B-6276-4341-B212-F8862ADBBA7A}.Release-Unsigned|Any CPU.ActiveCfg = Release-Unsigned|Any CPU
		{BF32DE1B-6276-4341-B212-F8862ADBBA7A}.Release-Unsigned|Any CPU.Build.0 = Release-Unsigned|Any CPU
		{BF32DE1B-6276-4341-B212-F8862ADBBA7A}.Release-Unsigned|x64.ActiveCfg = Release-Unsigned|Any CPU
		{BF32DE1B-6276-4341-B212-F8862ADBBA7A}.Release-Unsigned|x64.Build.0 = Release-Unsigned|Any CPU
		{A19E57D4-2858-4C84-A916-E4591C8AFCD7}.Debug|Any CPU.ActiveCfg = Debug|Any CPU
		{A19E57D4-2858-4C84-A916-E4591C8AFCD7}.Debug|Any CPU.Build.0 = Debug|Any CPU
		{A19E57D4-2858-4C84-A916-E4591C8AFCD7}.Debug|x64.ActiveCfg = Debug|x64
		{A19E57D4-2858-4C84-A916-E4591C8AFCD7}.Debug|x64.Build.0 = Debug|x64
		{A19E57D4-2858-4C84-A916-E4591C8AFCD7}.Release|Any CPU.ActiveCfg = Release|Any CPU
		{A19E57D4-2858-4C84-A916-E4591C8AFCD7}.Release|Any CPU.Build.0 = Release|Any CPU
		{A19E57D4-2858-4C84-A916-E4591C8AFCD7}.Release|x64.ActiveCfg = Release|x64
		{A19E57D4-2858-4C84-A916-E4591C8AFCD7}.Release|x64.Build.0 = Release|x64
		{A19E57D4-2858-4C84-A916-E4591C8AFCD7}.Release-Unsigned|Any CPU.ActiveCfg = Release|Any CPU
		{A19E57D4-2858-4C84-A916-E4591C8AFCD7}.Release-Unsigned|Any CPU.Build.0 = Release|Any CPU
		{A19E57D4-2858-4C84-A916-E4591C8AFCD7}.Release-Unsigned|x64.ActiveCfg = Release|x64
		{A19E57D4-2858-4C84-A916-E4591C8AFCD7}.Release-Unsigned|x64.Build.0 = Release|x64
		{DFFE428F-766C-4DBC-90E4-C3522C21E60F}.Debug|Any CPU.ActiveCfg = Debug|Any CPU
		{DFFE428F-766C-4DBC-90E4-C3522C21E60F}.Debug|Any CPU.Build.0 = Debug|Any CPU
		{DFFE428F-766C-4DBC-90E4-C3522C21E60F}.Debug|x64.ActiveCfg = Debug|Any CPU
		{DFFE428F-766C-4DBC-90E4-C3522C21E60F}.Debug|x64.Build.0 = Debug|Any CPU
		{DFFE428F-766C-4DBC-90E4-C3522C21E60F}.Release|Any CPU.ActiveCfg = Release|Any CPU
		{DFFE428F-766C-4DBC-90E4-C3522C21E60F}.Release|Any CPU.Build.0 = Release|Any CPU
		{DFFE428F-766C-4DBC-90E4-C3522C21E60F}.Release|x64.ActiveCfg = Release|Any CPU
		{DFFE428F-766C-4DBC-90E4-C3522C21E60F}.Release|x64.Build.0 = Release|Any CPU
		{DFFE428F-766C-4DBC-90E4-C3522C21E60F}.Release-Unsigned|Any CPU.ActiveCfg = Release|Any CPU
		{DFFE428F-766C-4DBC-90E4-C3522C21E60F}.Release-Unsigned|Any CPU.Build.0 = Release|Any CPU
		{DFFE428F-766C-4DBC-90E4-C3522C21E60F}.Release-Unsigned|x64.ActiveCfg = Release|Any CPU
		{DFFE428F-766C-4DBC-90E4-C3522C21E60F}.Release-Unsigned|x64.Build.0 = Release|Any CPU
		{3DDA589A-BEF9-4D9C-8A1E-5DABDCB41741}.Debug|Any CPU.ActiveCfg = Debug|Any CPU
		{3DDA589A-BEF9-4D9C-8A1E-5DABDCB41741}.Debug|Any CPU.Build.0 = Debug|Any CPU
		{3DDA589A-BEF9-4D9C-8A1E-5DABDCB41741}.Debug|x64.ActiveCfg = Debug|Any CPU
		{3DDA589A-BEF9-4D9C-8A1E-5DABDCB41741}.Debug|x64.Build.0 = Debug|Any CPU
		{3DDA589A-BEF9-4D9C-8A1E-5DABDCB41741}.Release|Any CPU.ActiveCfg = Release|Any CPU
		{3DDA589A-BEF9-4D9C-8A1E-5DABDCB41741}.Release|Any CPU.Build.0 = Release|Any CPU
		{3DDA589A-BEF9-4D9C-8A1E-5DABDCB41741}.Release|x64.ActiveCfg = Release|Any CPU
		{3DDA589A-BEF9-4D9C-8A1E-5DABDCB41741}.Release|x64.Build.0 = Release|Any CPU
		{3DDA589A-BEF9-4D9C-8A1E-5DABDCB41741}.Release-Unsigned|Any CPU.ActiveCfg = Release|Any CPU
		{3DDA589A-BEF9-4D9C-8A1E-5DABDCB41741}.Release-Unsigned|Any CPU.Build.0 = Release|Any CPU
		{3DDA589A-BEF9-4D9C-8A1E-5DABDCB41741}.Release-Unsigned|x64.ActiveCfg = Release|Any CPU
		{3DDA589A-BEF9-4D9C-8A1E-5DABDCB41741}.Release-Unsigned|x64.Build.0 = Release|Any CPU
		{1C35C6FF-E727-4840-B842-230E002DB02F}.Debug|Any CPU.ActiveCfg = Debug|Any CPU
		{1C35C6FF-E727-4840-B842-230E002DB02F}.Debug|Any CPU.Build.0 = Debug|Any CPU
		{1C35C6FF-E727-4840-B842-230E002DB02F}.Debug|x64.ActiveCfg = Debug|Any CPU
		{1C35C6FF-E727-4840-B842-230E002DB02F}.Debug|x64.Build.0 = Debug|Any CPU
		{1C35C6FF-E727-4840-B842-230E002DB02F}.Release|Any CPU.ActiveCfg = Release|Any CPU
		{1C35C6FF-E727-4840-B842-230E002DB02F}.Release|Any CPU.Build.0 = Release|Any CPU
		{1C35C6FF-E727-4840-B842-230E002DB02F}.Release|x64.ActiveCfg = Release|Any CPU
		{1C35C6FF-E727-4840-B842-230E002DB02F}.Release|x64.Build.0 = Release|Any CPU
		{1C35C6FF-E727-4840-B842-230E002DB02F}.Release-Unsigned|Any CPU.ActiveCfg = Release|Any CPU
		{1C35C6FF-E727-4840-B842-230E002DB02F}.Release-Unsigned|Any CPU.Build.0 = Release|Any CPU
		{1C35C6FF-E727-4840-B842-230E002DB02F}.Release-Unsigned|x64.ActiveCfg = Release|Any CPU
		{1C35C6FF-E727-4840-B842-230E002DB02F}.Release-Unsigned|x64.Build.0 = Release|Any CPU
		{4A174AFE-F311-4B69-92A0-E3D6607199E1}.Debug|Any CPU.ActiveCfg = Debug|Any CPU
		{4A174AFE-F311-4B69-92A0-E3D6607199E1}.Debug|Any CPU.Build.0 = Debug|Any CPU
		{4A174AFE-F311-4B69-92A0-E3D6607199E1}.Debug|x64.ActiveCfg = Debug|Any CPU
		{4A174AFE-F311-4B69-92A0-E3D6607199E1}.Debug|x64.Build.0 = Debug|Any CPU
		{4A174AFE-F311-4B69-92A0-E3D6607199E1}.Release|Any CPU.ActiveCfg = Release|Any CPU
		{4A174AFE-F311-4B69-92A0-E3D6607199E1}.Release|Any CPU.Build.0 = Release|Any CPU
		{4A174AFE-F311-4B69-92A0-E3D6607199E1}.Release|x64.ActiveCfg = Release|Any CPU
		{4A174AFE-F311-4B69-92A0-E3D6607199E1}.Release|x64.Build.0 = Release|Any CPU
		{4A174AFE-F311-4B69-92A0-E3D6607199E1}.Release-Unsigned|Any CPU.ActiveCfg = Release|Any CPU
		{4A174AFE-F311-4B69-92A0-E3D6607199E1}.Release-Unsigned|Any CPU.Build.0 = Release|Any CPU
		{4A174AFE-F311-4B69-92A0-E3D6607199E1}.Release-Unsigned|x64.ActiveCfg = Release|Any CPU
		{4A174AFE-F311-4B69-92A0-E3D6607199E1}.Release-Unsigned|x64.Build.0 = Release|Any CPU
	EndGlobalSection
	GlobalSection(SolutionProperties) = preSolution
		HideSolutionNode = FALSE
	EndGlobalSection
	GlobalSection(NestedProjects) = preSolution
		{DFFE428F-766C-4DBC-90E4-C3522C21E60F} = {5C310A68-2BA6-4DA1-8A0C-43EF0C5DC442}
		{3DDA589A-BEF9-4D9C-8A1E-5DABDCB41741} = {5C310A68-2BA6-4DA1-8A0C-43EF0C5DC442}
		{1C35C6FF-E727-4840-B842-230E002DB02F} = {5C310A68-2BA6-4DA1-8A0C-43EF0C5DC442}
		{B4D6C2F0-9779-4A66-AD34-B7AFEF302360} = {5C310A68-2BA6-4DA1-8A0C-43EF0C5DC442}
		{4A174AFE-F311-4B69-92A0-E3D6607199E1} = {B4D6C2F0-9779-4A66-AD34-B7AFEF302360}
	EndGlobalSection
	GlobalSection(ExtensibilityGlobals) = postSolution
		SolutionGuid = {80787A01-DA91-424D-8871-9EB93B79BD31}
	EndGlobalSection
EndGlobal
